// !$*UTF8*$!
{
	archiveVersion = 1;
	classes = {
	};
	objectVersion = 56;
	objects = {

/* Begin PBXBuildFile section */
		FB94C3C82CD285E400C1BB45 /* AppDelegate.swift in Sources */ = {isa = PBXBuildFile; fileRef = FB94C3C72CD285E400C1BB45 /* AppDelegate.swift */; };
		FB94C3CA2CD285E400C1BB45 /* SceneDelegate.swift in Sources */ = {isa = PBXBuildFile; fileRef = FB94C3C92CD285E400C1BB45 /* SceneDelegate.swift */; };
		FB94C3CC2CD285E400C1BB45 /* ViewController.swift in Sources */ = {isa = PBXBuildFile; fileRef = FB94C3CB2CD285E400C1BB45 /* ViewController.swift */; };
		FB94C3CF2CD285E400C1BB45 /* Base in Resources */ = {isa = PBXBuildFile; fileRef = FB94C3CE2CD285E400C1BB45 /* Base */; };
		FB94C3D12CD285E400C1BB45 /* Assets.xcassets in Resources */ = {isa = PBXBuildFile; fileRef = FB94C3D02CD285E400C1BB45 /* Assets.xcassets */; };
		FB94C3D42CD285E400C1BB45 /* Base in Resources */ = {isa = PBXBuildFile; fileRef = FB94C3D32CD285E400C1BB45 /* Base */; };
		FB94C3DF2CD285E400C1BB45 /* Bocetos_4_subiendo_fotosTests.swift in Sources */ = {isa = PBXBuildFile; fileRef = FB94C3DE2CD285E400C1BB45 /* Bocetos_4_subiendo_fotosTests.swift */; };
		FB94C3E92CD285E400C1BB45 /* Bocetos_4_subiendo_fotosUITests.swift in Sources */ = {isa = PBXBuildFile; fileRef = FB94C3E82CD285E400C1BB45 /* Bocetos_4_subiendo_fotosUITests.swift */; };
		FB94C3EB2CD285E400C1BB45 /* Bocetos_4_subiendo_fotosUITestsLaunchTests.swift in Sources */ = {isa = PBXBuildFile; fileRef = FB94C3EA2CD285E400C1BB45 /* Bocetos_4_subiendo_fotosUITestsLaunchTests.swift */; };
/* End PBXBuildFile section */

/* Begin PBXContainerItemProxy section */
		FB94C3DB2CD285E400C1BB45 /* PBXContainerItemProxy */ = {
			isa = PBXContainerItemProxy;
			containerPortal = FB94C3BC2CD285E400C1BB45 /* Project object */;
			proxyType = 1;
			remoteGlobalIDString = FB94C3C32CD285E400C1BB45;
			remoteInfo = Bocetos_4_subiendo_fotos;
		};
		FB94C3E52CD285E400C1BB45 /* PBXContainerItemProxy */ = {
			isa = PBXContainerItemProxy;
			containerPortal = FB94C3BC2CD285E400C1BB45 /* Project object */;
			proxyType = 1;
			remoteGlobalIDString = FB94C3C32CD285E400C1BB45;
			remoteInfo = Bocetos_4_subiendo_fotos;
		};
/* End PBXContainerItemProxy section */

/* Begin PBXFileReference section */
		FB94C3C42CD285E400C1BB45 /* Bocetos_4_subiendo_fotos.app */ = {isa = PBXFileReference; explicitFileType = wrapper.application; includeInIndex = 0; path = Bocetos_4_subiendo_fotos.app; sourceTree = BUILT_PRODUCTS_DIR; };
		FB94C3C72CD285E400C1BB45 /* AppDelegate.swift */ = {isa = PBXFileReference; lastKnownFileType = sourcecode.swift; path = AppDelegate.swift; sourceTree = "<group>"; };
		FB94C3C92CD285E400C1BB45 /* SceneDelegate.swift */ = {isa = PBXFileReference; lastKnownFileType = sourcecode.swift; path = SceneDelegate.swift; sourceTree = "<group>"; };
		FB94C3CB2CD285E400C1BB45 /* ViewController.swift */ = {isa = PBXFileReference; lastKnownFileType = sourcecode.swift; path = ViewController.swift; sourceTree = "<group>"; };
		FB94C3CE2CD285E400C1BB45 /* Base */ = {isa = PBXFileReference; lastKnownFileType = file.storyboard; name = Base; path = Base.lproj/Main.storyboard; sourceTree = "<group>"; };
		FB94C3D02CD285E400C1BB45 /* Assets.xcassets */ = {isa = PBXFileReference; lastKnownFileType = folder.assetcatalog; path = Assets.xcassets; sourceTree = "<group>"; };
		FB94C3D32CD285E400C1BB45 /* Base */ = {isa = PBXFileReference; lastKnownFileType = file.storyboard; name = Base; path = Base.lproj/LaunchScreen.storyboard; sourceTree = "<group>"; };
		FB94C3D52CD285E400C1BB45 /* Info.plist */ = {isa = PBXFileReference; lastKnownFileType = text.plist.xml; path = Info.plist; sourceTree = "<group>"; };
		FB94C3DA2CD285E400C1BB45 /* Bocetos_4_subiendo_fotosTests.xctest */ = {isa = PBXFileReference; explicitFileType = wrapper.cfbundle; includeInIndex = 0; path = Bocetos_4_subiendo_fotosTests.xctest; sourceTree = BUILT_PRODUCTS_DIR; };
		FB94C3DE2CD285E400C1BB45 /* Bocetos_4_subiendo_fotosTests.swift */ = {isa = PBXFileReference; lastKnownFileType = sourcecode.swift; path = Bocetos_4_subiendo_fotosTests.swift; sourceTree = "<group>"; };
		FB94C3E42CD285E400C1BB45 /* Bocetos_4_subiendo_fotosUITests.xctest */ = {isa = PBXFileReference; explicitFileType = wrapper.cfbundle; includeInIndex = 0; path = Bocetos_4_subiendo_fotosUITests.xctest; sourceTree = BUILT_PRODUCTS_DIR; };
		FB94C3E82CD285E400C1BB45 /* Bocetos_4_subiendo_fotosUITests.swift */ = {isa = PBXFileReference; lastKnownFileType = sourcecode.swift; path = Bocetos_4_subiendo_fotosUITests.swift; sourceTree = "<group>"; };
		FB94C3EA2CD285E400C1BB45 /* Bocetos_4_subiendo_fotosUITestsLaunchTests.swift */ = {isa = PBXFileReference; lastKnownFileType = sourcecode.swift; path = Bocetos_4_subiendo_fotosUITestsLaunchTests.swift; sourceTree = "<group>"; };
/* End PBXFileReference section */

/* Begin PBXFrameworksBuildPhase section */
		FB94C3C12CD285E400C1BB45 /* Frameworks */ = {
			isa = PBXFrameworksBuildPhase;
			buildActionMask = 2147483647;
			files = (
			);
			runOnlyForDeploymentPostprocessing = 0;
		};
		FB94C3D72CD285E400C1BB45 /* Frameworks */ = {
			isa = PBXFrameworksBuildPhase;
			buildActionMask = 2147483647;
			files = (
			);
			runOnlyForDeploymentPostprocessing = 0;
		};
		FB94C3E12CD285E400C1BB45 /* Frameworks */ = {
			isa = PBXFrameworksBuildPhase;
			buildActionMask = 2147483647;
			files = (
			);
			runOnlyForDeploymentPostprocessing = 0;
		};
/* End PBXFrameworksBuildPhase section */

/* Begin PBXGroup section */
		FB94C3BB2CD285E400C1BB45 = {
			isa = PBXGroup;
			children = (
				FB94C3C62CD285E400C1BB45 /* Bocetos_4_subiendo_fotos */,
				FB94C3DD2CD285E400C1BB45 /* Bocetos_4_subiendo_fotosTests */,
				FB94C3E72CD285E400C1BB45 /* Bocetos_4_subiendo_fotosUITests */,
				FB94C3C52CD285E400C1BB45 /* Products */,
			);
			sourceTree = "<group>";
		};
		FB94C3C52CD285E400C1BB45 /* Products */ = {
			isa = PBXGroup;
			children = (
				FB94C3C42CD285E400C1BB45 /* Bocetos_4_subiendo_fotos.app */,
				FB94C3DA2CD285E400C1BB45 /* Bocetos_4_subiendo_fotosTests.xctest */,
				FB94C3E42CD285E400C1BB45 /* Bocetos_4_subiendo_fotosUITests.xctest */,
			);
			name = Products;
			sourceTree = "<group>";
		};
		FB94C3C62CD285E400C1BB45 /* Bocetos_4_subiendo_fotos */ = {
			isa = PBXGroup;
			children = (
				FB94C3C72CD285E400C1BB45 /* AppDelegate.swift */,
				FB94C3C92CD285E400C1BB45 /* SceneDelegate.swift */,
				FB94C3CB2CD285E400C1BB45 /* ViewController.swift */,
				FB94C3CD2CD285E400C1BB45 /* Main.storyboard */,
				FB94C3D02CD285E400C1BB45 /* Assets.xcassets */,
				FB94C3D22CD285E400C1BB45 /* LaunchScreen.storyboard */,
				FB94C3D52CD285E400C1BB45 /* Info.plist */,
			);
			path = Bocetos_4_subiendo_fotos;
			sourceTree = "<group>";
		};
		FB94C3DD2CD285E400C1BB45 /* Bocetos_4_subiendo_fotosTests */ = {
			isa = PBXGroup;
			children = (
				FB94C3DE2CD285E400C1BB45 /* Bocetos_4_subiendo_fotosTests.swift */,
			);
			path = Bocetos_4_subiendo_fotosTests;
			sourceTree = "<group>";
		};
		FB94C3E72CD285E400C1BB45 /* Bocetos_4_subiendo_fotosUITests */ = {
			isa = PBXGroup;
			children = (
				FB94C3E82CD285E400C1BB45 /* Bocetos_4_subiendo_fotosUITests.swift */,
				FB94C3EA2CD285E400C1BB45 /* Bocetos_4_subiendo_fotosUITestsLaunchTests.swift */,
			);
			path = Bocetos_4_subiendo_fotosUITests;
			sourceTree = "<group>";
		};
/* End PBXGroup section */

/* Begin PBXNativeTarget section */
		FB94C3C32CD285E400C1BB45 /* Bocetos_4_subiendo_fotos */ = {
			isa = PBXNativeTarget;
			buildConfigurationList = FB94C3EE2CD285E400C1BB45 /* Build configuration list for PBXNativeTarget "Bocetos_4_subiendo_fotos" */;
			buildPhases = (
				FB94C3C02CD285E400C1BB45 /* Sources */,
				FB94C3C12CD285E400C1BB45 /* Frameworks */,
				FB94C3C22CD285E400C1BB45 /* Resources */,
			);
			buildRules = (
			);
			dependencies = (
			);
			name = Bocetos_4_subiendo_fotos;
			productName = Bocetos_4_subiendo_fotos;
			productReference = FB94C3C42CD285E400C1BB45 /* Bocetos_4_subiendo_fotos.app */;
			productType = "com.apple.product-type.application";
		};
		FB94C3D92CD285E400C1BB45 /* Bocetos_4_subiendo_fotosTests */ = {
			isa = PBXNativeTarget;
			buildConfigurationList = FB94C3F12CD285E400C1BB45 /* Build configuration list for PBXNativeTarget "Bocetos_4_subiendo_fotosTests" */;
			buildPhases = (
				FB94C3D62CD285E400C1BB45 /* Sources */,
				FB94C3D72CD285E400C1BB45 /* Frameworks */,
				FB94C3D82CD285E400C1BB45 /* Resources */,
			);
			buildRules = (
			);
			dependencies = (
				FB94C3DC2CD285E400C1BB45 /* PBXTargetDependency */,
			);
			name = Bocetos_4_subiendo_fotosTests;
			productName = Bocetos_4_subiendo_fotosTests;
			productReference = FB94C3DA2CD285E400C1BB45 /* Bocetos_4_subiendo_fotosTests.xctest */;
			productType = "com.apple.product-type.bundle.unit-test";
		};
		FB94C3E32CD285E400C1BB45 /* Bocetos_4_subiendo_fotosUITests */ = {
			isa = PBXNativeTarget;
			buildConfigurationList = FB94C3F42CD285E400C1BB45 /* Build configuration list for PBXNativeTarget "Bocetos_4_subiendo_fotosUITests" */;
			buildPhases = (
				FB94C3E02CD285E400C1BB45 /* Sources */,
				FB94C3E12CD285E400C1BB45 /* Frameworks */,
				FB94C3E22CD285E400C1BB45 /* Resources */,
			);
			buildRules = (
			);
			dependencies = (
				FB94C3E62CD285E400C1BB45 /* PBXTargetDependency */,
			);
			name = Bocetos_4_subiendo_fotosUITests;
			productName = Bocetos_4_subiendo_fotosUITests;
			productReference = FB94C3E42CD285E400C1BB45 /* Bocetos_4_subiendo_fotosUITests.xctest */;
			productType = "com.apple.product-type.bundle.ui-testing";
		};
/* End PBXNativeTarget section */

/* Begin PBXProject section */
		FB94C3BC2CD285E400C1BB45 /* Project object */ = {
			isa = PBXProject;
			attributes = {
				BuildIndependentTargetsInParallel = 1;
				LastSwiftUpdateCheck = 1540;
				LastUpgradeCheck = 1540;
				TargetAttributes = {
					FB94C3C32CD285E400C1BB45 = {
						CreatedOnToolsVersion = 15.4;
					};
					FB94C3D92CD285E400C1BB45 = {
						CreatedOnToolsVersion = 15.4;
						TestTargetID = FB94C3C32CD285E400C1BB45;
					};
					FB94C3E32CD285E400C1BB45 = {
						CreatedOnToolsVersion = 15.4;
						TestTargetID = FB94C3C32CD285E400C1BB45;
					};
				};
			};
			buildConfigurationList = FB94C3BF2CD285E400C1BB45 /* Build configuration list for PBXProject "Bocetos_4_subiendo_fotos" */;
			compatibilityVersion = "Xcode 14.0";
			developmentRegion = en;
			hasScannedForEncodings = 0;
			knownRegions = (
				en,
				Base,
			);
			mainGroup = FB94C3BB2CD285E400C1BB45;
			productRefGroup = FB94C3C52CD285E400C1BB45 /* Products */;
			projectDirPath = "";
			projectRoot = "";
			targets = (
				FB94C3C32CD285E400C1BB45 /* Bocetos_4_subiendo_fotos */,
				FB94C3D92CD285E400C1BB45 /* Bocetos_4_subiendo_fotosTests */,
				FB94C3E32CD285E400C1BB45 /* Bocetos_4_subiendo_fotosUITests */,
			);
		};
/* End PBXProject section */

/* Begin PBXResourcesBuildPhase section */
		FB94C3C22CD285E400C1BB45 /* Resources */ = {
			isa = PBXResourcesBuildPhase;
			buildActionMask = 2147483647;
			files = (
				FB94C3D12CD285E400C1BB45 /* Assets.xcassets in Resources */,
				FB94C3D42CD285E400C1BB45 /* Base in Resources */,
				FB94C3CF2CD285E400C1BB45 /* Base in Resources */,
			);
			runOnlyForDeploymentPostprocessing = 0;
		};
		FB94C3D82CD285E400C1BB45 /* Resources */ = {
			isa = PBXResourcesBuildPhase;
			buildActionMask = 2147483647;
			files = (
			);
			runOnlyForDeploymentPostprocessing = 0;
		};
		FB94C3E22CD285E400C1BB45 /* Resources */ = {
			isa = PBXResourcesBuildPhase;
			buildActionMask = 2147483647;
			files = (
			);
			runOnlyForDeploymentPostprocessing = 0;
		};
/* End PBXResourcesBuildPhase section */

/* Begin PBXSourcesBuildPhase section */
		FB94C3C02CD285E400C1BB45 /* Sources */ = {
			isa = PBXSourcesBuildPhase;
			buildActionMask = 2147483647;
			files = (
				FB94C3CC2CD285E400C1BB45 /* ViewController.swift in Sources */,
				FB94C3C82CD285E400C1BB45 /* AppDelegate.swift in Sources */,
				FB94C3CA2CD285E400C1BB45 /* SceneDelegate.swift in Sources */,
			);
			runOnlyForDeploymentPostprocessing = 0;
		};
		FB94C3D62CD285E400C1BB45 /* Sources */ = {
			isa = PBXSourcesBuildPhase;
			buildActionMask = 2147483647;
			files = (
				FB94C3DF2CD285E400C1BB45 /* Bocetos_4_subiendo_fotosTests.swift in Sources */,
			);
			runOnlyForDeploymentPostprocessing = 0;
		};
		FB94C3E02CD285E400C1BB45 /* Sources */ = {
			isa = PBXSourcesBuildPhase;
			buildActionMask = 2147483647;
			files = (
				FB94C3EB2CD285E400C1BB45 /* Bocetos_4_subiendo_fotosUITestsLaunchTests.swift in Sources */,
				FB94C3E92CD285E400C1BB45 /* Bocetos_4_subiendo_fotosUITests.swift in Sources */,
			);
			runOnlyForDeploymentPostprocessing = 0;
		};
/* End PBXSourcesBuildPhase section */

/* Begin PBXTargetDependency section */
		FB94C3DC2CD285E400C1BB45 /* PBXTargetDependency */ = {
			isa = PBXTargetDependency;
			target = FB94C3C32CD285E400C1BB45 /* Bocetos_4_subiendo_fotos */;
			targetProxy = FB94C3DB2CD285E400C1BB45 /* PBXContainerItemProxy */;
		};
		FB94C3E62CD285E400C1BB45 /* PBXTargetDependency */ = {
			isa = PBXTargetDependency;
			target = FB94C3C32CD285E400C1BB45 /* Bocetos_4_subiendo_fotos */;
			targetProxy = FB94C3E52CD285E400C1BB45 /* PBXContainerItemProxy */;
		};
/* End PBXTargetDependency section */

/* Begin PBXVariantGroup section */
		FB94C3CD2CD285E400C1BB45 /* Main.storyboard */ = {
			isa = PBXVariantGroup;
			children = (
				FB94C3CE2CD285E400C1BB45 /* Base */,
			);
			name = Main.storyboard;
			sourceTree = "<group>";
		};
		FB94C3D22CD285E400C1BB45 /* LaunchScreen.storyboard */ = {
			isa = PBXVariantGroup;
			children = (
				FB94C3D32CD285E400C1BB45 /* Base */,
			);
			name = LaunchScreen.storyboard;
			sourceTree = "<group>";
		};
/* End PBXVariantGroup section */

/* Begin XCBuildConfiguration section */
		FB94C3EC2CD285E400C1BB45 /* Debug */ = {
			isa = XCBuildConfiguration;
			buildSettings = {
				ALWAYS_SEARCH_USER_PATHS = NO;
				ASSETCATALOG_COMPILER_GENERATE_SWIFT_ASSET_SYMBOL_EXTENSIONS = YES;
				CLANG_ANALYZER_NONNULL = YES;
				CLANG_ANALYZER_NUMBER_OBJECT_CONVERSION = YES_AGGRESSIVE;
				CLANG_CXX_LANGUAGE_STANDARD = "gnu++20";
				CLANG_ENABLE_MODULES = YES;
				CLANG_ENABLE_OBJC_ARC = YES;
				CLANG_ENABLE_OBJC_WEAK = YES;
				CLANG_WARN_BLOCK_CAPTURE_AUTORELEASING = YES;
				CLANG_WARN_BOOL_CONVERSION = YES;
				CLANG_WARN_COMMA = YES;
				CLANG_WARN_CONSTANT_CONVERSION = YES;
				CLANG_WARN_DEPRECATED_OBJC_IMPLEMENTATIONS = YES;
				CLANG_WARN_DIRECT_OBJC_ISA_USAGE = YES_ERROR;
				CLANG_WARN_DOCUMENTATION_COMMENTS = YES;
				CLANG_WARN_EMPTY_BODY = YES;
				CLANG_WARN_ENUM_CONVERSION = YES;
				CLANG_WARN_INFINITE_RECURSION = YES;
				CLANG_WARN_INT_CONVERSION = YES;
				CLANG_WARN_NON_LITERAL_NULL_CONVERSION = YES;
				CLANG_WARN_OBJC_IMPLICIT_RETAIN_SELF = YES;
				CLANG_WARN_OBJC_LITERAL_CONVERSION = YES;
				CLANG_WARN_OBJC_ROOT_CLASS = YES_ERROR;
				CLANG_WARN_QUOTED_INCLUDE_IN_FRAMEWORK_HEADER = YES;
				CLANG_WARN_RANGE_LOOP_ANALYSIS = YES;
				CLANG_WARN_STRICT_PROTOTYPES = YES;
				CLANG_WARN_SUSPICIOUS_MOVE = YES;
				CLANG_WARN_UNGUARDED_AVAILABILITY = YES_AGGRESSIVE;
				CLANG_WARN_UNREACHABLE_CODE = YES;
				CLANG_WARN__DUPLICATE_METHOD_MATCH = YES;
				COPY_PHASE_STRIP = NO;
				DEBUG_INFORMATION_FORMAT = dwarf;
				ENABLE_STRICT_OBJC_MSGSEND = YES;
				ENABLE_TESTABILITY = YES;
				ENABLE_USER_SCRIPT_SANDBOXING = YES;
				GCC_C_LANGUAGE_STANDARD = gnu17;
				GCC_DYNAMIC_NO_PIC = NO;
				GCC_NO_COMMON_BLOCKS = YES;
				GCC_OPTIMIZATION_LEVEL = 0;
				GCC_PREPROCESSOR_DEFINITIONS = (
					"DEBUG=1",
					"$(inherited)",
				);
				GCC_WARN_64_TO_32_BIT_CONVERSION = YES;
				GCC_WARN_ABOUT_RETURN_TYPE = YES_ERROR;
				GCC_WARN_UNDECLARED_SELECTOR = YES;
				GCC_WARN_UNINITIALIZED_AUTOS = YES_AGGRESSIVE;
				GCC_WARN_UNUSED_FUNCTION = YES;
				GCC_WARN_UNUSED_VARIABLE = YES;
				IPHONEOS_DEPLOYMENT_TARGET = 17.5;
				LOCALIZATION_PREFERS_STRING_CATALOGS = YES;
				MTL_ENABLE_DEBUG_INFO = INCLUDE_SOURCE;
				MTL_FAST_MATH = YES;
				ONLY_ACTIVE_ARCH = YES;
				SDKROOT = iphoneos;
				SWIFT_ACTIVE_COMPILATION_CONDITIONS = "DEBUG $(inherited)";
				SWIFT_OPTIMIZATION_LEVEL = "-Onone";
			};
			name = Debug;
		};
		FB94C3ED2CD285E400C1BB45 /* Release */ = {
			isa = XCBuildConfiguration;
			buildSettings = {
				ALWAYS_SEARCH_USER_PATHS = NO;
				ASSETCATALOG_COMPILER_GENERATE_SWIFT_ASSET_SYMBOL_EXTENSIONS = YES;
				CLANG_ANALYZER_NONNULL = YES;
				CLANG_ANALYZER_NUMBER_OBJECT_CONVERSION = YES_AGGRESSIVE;
				CLANG_CXX_LANGUAGE_STANDARD = "gnu++20";
				CLANG_ENABLE_MODULES = YES;
				CLANG_ENABLE_OBJC_ARC = YES;
				CLANG_ENABLE_OBJC_WEAK = YES;
				CLANG_WARN_BLOCK_CAPTURE_AUTORELEASING = YES;
				CLANG_WARN_BOOL_CONVERSION = YES;
				CLANG_WARN_COMMA = YES;
				CLANG_WARN_CONSTANT_CONVERSION = YES;
				CLANG_WARN_DEPRECATED_OBJC_IMPLEMENTATIONS = YES;
				CLANG_WARN_DIRECT_OBJC_ISA_USAGE = YES_ERROR;
				CLANG_WARN_DOCUMENTATION_COMMENTS = YES;
				CLANG_WARN_EMPTY_BODY = YES;
				CLANG_WARN_ENUM_CONVERSION = YES;
				CLANG_WARN_INFINITE_RECURSION = YES;
				CLANG_WARN_INT_CONVERSION = YES;
				CLANG_WARN_NON_LITERAL_NULL_CONVERSION = YES;
				CLANG_WARN_OBJC_IMPLICIT_RETAIN_SELF = YES;
				CLANG_WARN_OBJC_LITERAL_CONVERSION = YES;
				CLANG_WARN_OBJC_ROOT_CLASS = YES_ERROR;
				CLANG_WARN_QUOTED_INCLUDE_IN_FRAMEWORK_HEADER = YES;
				CLANG_WARN_RANGE_LOOP_ANALYSIS = YES;
				CLANG_WARN_STRICT_PROTOTYPES = YES;
				CLANG_WARN_SUSPICIOUS_MOVE = YES;
				CLANG_WARN_UNGUARDED_AVAILABILITY = YES_AGGRESSIVE;
				CLANG_WARN_UNREACHABLE_CODE = YES;
				CLANG_WARN__DUPLICATE_METHOD_MATCH = YES;
				COPY_PHASE_STRIP = NO;
				DEBUG_INFORMATION_FORMAT = "dwarf-with-dsym";
				ENABLE_NS_ASSERTIONS = NO;
				ENABLE_STRICT_OBJC_MSGSEND = YES;
				ENABLE_USER_SCRIPT_SANDBOXING = YES;
				GCC_C_LANGUAGE_STANDARD = gnu17;
				GCC_NO_COMMON_BLOCKS = YES;
				GCC_WARN_64_TO_32_BIT_CONVERSION = YES;
				GCC_WARN_ABOUT_RETURN_TYPE = YES_ERROR;
				GCC_WARN_UNDECLARED_SELECTOR = YES;
				GCC_WARN_UNINITIALIZED_AUTOS = YES_AGGRESSIVE;
				GCC_WARN_UNUSED_FUNCTION = YES;
				GCC_WARN_UNUSED_VARIABLE = YES;
				IPHONEOS_DEPLOYMENT_TARGET = 17.5;
				LOCALIZATION_PREFERS_STRING_CATALOGS = YES;
				MTL_ENABLE_DEBUG_INFO = NO;
				MTL_FAST_MATH = YES;
				SDKROOT = iphoneos;
				SWIFT_COMPILATION_MODE = wholemodule;
				VALIDATE_PRODUCT = YES;
			};
			name = Release;
		};
		FB94C3EF2CD285E400C1BB45 /* Debug */ = {
			isa = XCBuildConfiguration;
			buildSettings = {
				ASSETCATALOG_COMPILER_APPICON_NAME = AppIcon;
				ASSETCATALOG_COMPILER_GLOBAL_ACCENT_COLOR_NAME = AccentColor;
				CODE_SIGN_STYLE = Automatic;
				CURRENT_PROJECT_VERSION = 1;
				GENERATE_INFOPLIST_FILE = YES;
				INFOPLIST_FILE = Bocetos_4_subiendo_fotos/Info.plist;
				INFOPLIST_KEY_UIApplicationSupportsIndirectInputEvents = YES;
				INFOPLIST_KEY_UILaunchStoryboardName = LaunchScreen;
				INFOPLIST_KEY_UIMainStoryboardFile = Main;
				INFOPLIST_KEY_UISupportedInterfaceOrientations_iPad = "UIInterfaceOrientationPortrait UIInterfaceOrientationPortraitUpsideDown UIInterfaceOrientationLandscapeLeft UIInterfaceOrientationLandscapeRight";
				INFOPLIST_KEY_UISupportedInterfaceOrientations_iPhone = "UIInterfaceOrientationPortrait UIInterfaceOrientationLandscapeLeft UIInterfaceOrientationLandscapeRight";
				LD_RUNPATH_SEARCH_PATHS = (
					"$(inherited)",
					"@executable_path/Frameworks",
				);
				MARKETING_VERSION = 1.0;
				PRODUCT_BUNDLE_IDENTIFIER = "DDMI.Bocetos-4-subiendo-fotos";
				PRODUCT_NAME = "$(TARGET_NAME)";
				SWIFT_EMIT_LOC_STRINGS = YES;
				SWIFT_VERSION = 5.0;
				TARGETED_DEVICE_FAMILY = "1,2";
			};
			name = Debug;
		};
		FB94C3F02CD285E400C1BB45 /* Release */ = {
			isa = XCBuildConfiguration;
			buildSettings = {
				ASSETCATALOG_COMPILER_APPICON_NAME = AppIcon;
				ASSETCATALOG_COMPILER_GLOBAL_ACCENT_COLOR_NAME = AccentColor;
				CODE_SIGN_STYLE = Automatic;
				CURRENT_PROJECT_VERSION = 1;
				GENERATE_INFOPLIST_FILE = YES;
				INFOPLIST_FILE = Bocetos_4_subiendo_fotos/Info.plist;
				INFOPLIST_KEY_UIApplicationSupportsIndirectInputEvents = YES;
				INFOPLIST_KEY_UILaunchStoryboardName = LaunchScreen;
				INFOPLIST_KEY_UIMainStoryboardFile = Main;
				INFOPLIST_KEY_UISupportedInterfaceOrientations_iPad = "UIInterfaceOrientationPortrait UIInterfaceOrientationPortraitUpsideDown UIInterfaceOrientationLandscapeLeft UIInterfaceOrientationLandscapeRight";
				INFOPLIST_KEY_UISupportedInterfaceOrientations_iPhone = "UIInterfaceOrientationPortrait UIInterfaceOrientationLandscapeLeft UIInterfaceOrientationLandscapeRight";
				LD_RUNPATH_SEARCH_PATHS = (
					"$(inherited)",
					"@executable_path/Frameworks",
				);
				MARKETING_VERSION = 1.0;
				PRODUCT_BUNDLE_IDENTIFIER = "DDMI.Bocetos-4-subiendo-fotos";
				PRODUCT_NAME = "$(TARGET_NAME)";
				SWIFT_EMIT_LOC_STRINGS = YES;
				SWIFT_VERSION = 5.0;
				TARGETED_DEVICE_FAMILY = "1,2";
			};
			name = Release;
		};
		FB94C3F22CD285E400C1BB45 /* Debug */ = {
			isa = XCBuildConfiguration;
			buildSettings = {
				ALWAYS_EMBED_SWIFT_STANDARD_LIBRARIES = YES;
				BUNDLE_LOADER = "$(TEST_HOST)";
				CODE_SIGN_STYLE = Automatic;
				CURRENT_PROJECT_VERSION = 1;
				GENERATE_INFOPLIST_FILE = YES;
				IPHONEOS_DEPLOYMENT_TARGET = 17.5;
				MARKETING_VERSION = 1.0;
				PRODUCT_BUNDLE_IDENTIFIER = "DDMI.Bocetos-4-subiendo-fotosTests";
				PRODUCT_NAME = "$(TARGET_NAME)";
				SWIFT_EMIT_LOC_STRINGS = NO;
				SWIFT_VERSION = 5.0;
				TARGETED_DEVICE_FAMILY = "1,2";
				TEST_HOST = "$(BUILT_PRODUCTS_DIR)/Bocetos_4_subiendo_fotos.app/$(BUNDLE_EXECUTABLE_FOLDER_PATH)/Bocetos_4_subiendo_fotos";
			};
			name = Debug;
		};
		FB94C3F32CD285E400C1BB45 /* Release */ = {
			isa = XCBuildConfiguration;
			buildSettings = {
				ALWAYS_EMBED_SWIFT_STANDARD_LIBRARIES = YES;
				BUNDLE_LOADER = "$(TEST_HOST)";
				CODE_SIGN_STYLE = Automatic;
				CURRENT_PROJECT_VERSION = 1;
				GENERATE_INFOPLIST_FILE = YES;
				IPHONEOS_DEPLOYMENT_TARGET = 17.5;
				MARKETING_VERSION = 1.0;
				PRODUCT_BUNDLE_IDENTIFIER = "DDMI.Bocetos-4-subiendo-fotosTests";
				PRODUCT_NAME = "$(TARGET_NAME)";
				SWIFT_EMIT_LOC_STRINGS = NO;
				SWIFT_VERSION = 5.0;
				TARGETED_DEVICE_FAMILY = "1,2";
				TEST_HOST = "$(BUILT_PRODUCTS_DIR)/Bocetos_4_subiendo_fotos.app/$(BUNDLE_EXECUTABLE_FOLDER_PATH)/Bocetos_4_subiendo_fotos";
			};
			name = Release;
		};
		FB94C3F52CD285E400C1BB45 /* Debug */ = {
			isa = XCBuildConfiguration;
			buildSettings = {
				ALWAYS_EMBED_SWIFT_STANDARD_LIBRARIES = YES;
				CODE_SIGN_STYLE = Automatic;
				CURRENT_PROJECT_VERSION = 1;
				GENERATE_INFOPLIST_FILE = YES;
				MARKETING_VERSION = 1.0;
				PRODUCT_BUNDLE_IDENTIFIER = "DDMI.Bocetos-4-subiendo-fotosUITests";
				PRODUCT_NAME = "$(TARGET_NAME)";
				SWIFT_EMIT_LOC_STRINGS = NO;
				SWIFT_VERSION = 5.0;
				TARGETED_DEVICE_FAMILY = "1,2";
				TEST_TARGET_NAME = Bocetos_4_subiendo_fotos;
			};
			name = Debug;
		};
		FB94C3F62CD285E400C1BB45 /* Release */ = {
			isa = XCBuildConfiguration;
			buildSettings = {
				ALWAYS_EMBED_SWIFT_STANDARD_LIBRARIES = YES;
				CODE_SIGN_STYLE = Automatic;
				CURRENT_PROJECT_VERSION = 1;
				GENERATE_INFOPLIST_FILE = YES;
				MARKETING_VERSION = 1.0;
				PRODUCT_BUNDLE_IDENTIFIER = "DDMI.Bocetos-4-subiendo-fotosUITests";
				PRODUCT_NAME = "$(TARGET_NAME)";
				SWIFT_EMIT_LOC_STRINGS = NO;
				SWIFT_VERSION = 5.0;
				TARGETED_DEVICE_FAMILY = "1,2";
				TEST_TARGET_NAME = Bocetos_4_subiendo_fotos;
			};
			name = Release;
		};
/* End XCBuildConfiguration section */

/* Begin XCConfigurationList section */
		FB94C3BF2CD285E400C1BB45 /* Build configuration list for PBXProject "Bocetos_4_subiendo_fotos" */ = {
			isa = XCConfigurationList;
			buildConfigurations = (
				FB94C3EC2CD285E400C1BB45 /* Debug */,
				FB94C3ED2CD285E400C1BB45 /* Release */,
			);
			defaultConfigurationIsVisible = 0;
			defaultConfigurationName = Release;
		};
		FB94C3EE2CD285E400C1BB45 /* Build configuration list for PBXNativeTarget "Bocetos_4_subiendo_fotos" */ = {
			isa = XCConfigurationList;
			buildConfigurations = (
				FB94C3EF2CD285E400C1BB45 /* Debug */,
				FB94C3F02CD285E400C1BB45 /* Release */,
			);
			defaultConfigurationIsVisible = 0;
			defaultConfigurationName = Release;
		};
		FB94C3F12CD285E400C1BB45 /* Build configuration list for PBXNativeTarget "Bocetos_4_subiendo_fotosTests" */ = {
			isa = XCConfigurationList;
			buildConfigurations = (
				FB94C3F22CD285E400C1BB45 /* Debug */,
				FB94C3F32CD285E400C1BB45 /* Release */,
			);
			defaultConfigurationIsVisible = 0;
			defaultConfigurationName = Release;
		};
		FB94C3F42CD285E400C1BB45 /* Build configuration list for PBXNativeTarget "Bocetos_4_subiendo_fotosUITests" */ = {
			isa = XCConfigurationList;
			buildConfigurations = (
				FB94C3F52CD285E400C1BB45 /* Debug */,
				FB94C3F62CD285E400C1BB45 /* Release */,
			);
			defaultConfigurationIsVisible = 0;
			defaultConfigurationName = Release;
		};
/* End XCConfigurationList section */
	};
	rootObject = FB94C3BC2CD285E400C1BB45 /* Project object */;
}
